
Microsoft Visual Studio Solution File, Format Version 12.00
# Visual Studio Version 17
VisualStudioVersion = 17.14.37111.16
MinimumVisualStudioVersion = 10.0.40219.1
Project("{FAE04EC0-301F-11D3-BF4B-00C04F79EFBC}") = "Quizify_Project", "Quizify_Project\Quizify_Project.csproj", "{C4D551D9-80A3-4A26-BA69-33C0ED21E1BE}"
EndProject
Project("{FAE04EC0-301F-11D3-BF4B-00C04F79EFBC}") = "Quizify_DB_DataLayer", "..\Quizify_DB_Connector\Quizify_DB_DataLayer\Quizify_DB_DataLayer.csproj", "{903AA0EC-5912-32E4-DC8D-EB03260CDD43}"
EndProject
Project("{FAE04EC0-301F-11D3-BF4B-00C04F79EFBC}") = "Quizify_DB_BusinessLayer", "..\Quizify_DB_Connector\Quizify_DB_BusinessLayer\Quizify_DB_BusinessLayer.csproj", "{5C97BDFE-018A-65F3-CAA9-BA6BC9991653}"
EndProject
Global
	GlobalSection(SolutionConfigurationPlatforms) = preSolution
		Debug|Any CPU = Debug|Any CPU
		Debug|x64 = Debug|x64
		Release|Any CPU = Release|Any CPU
		Release|x64 = Release|x64
	EndGlobalSection
	GlobalSection(ProjectConfigurationPlatforms) = postSolution
		{C4D551D9-80A3-4A26-BA69-33C0ED21E1BE}.Debug|Any CPU.ActiveCfg = Debug|Any CPU
		{C4D551D9-80A3-4A26-BA69-33C0ED21E1BE}.Debug|Any CPU.Build.0 = Debug|Any CPU
		{C4D551D9-80A3-4A26-BA69-33C0ED21E1BE}.Debug|x64.ActiveCfg = Debug|x64
		{C4D551D9-80A3-4A26-BA69-33C0ED21E1BE}.Debug|x64.Build.0 = Debug|x64
		{C4D551D9-80A3-4A26-BA69-33C0ED21E1BE}.Release|Any CPU.ActiveCfg = Release|Any CPU
		{C4D551D9-80A3-4A26-BA69-33C0ED21E1BE}.Release|Any CPU.Build.0 = Release|Any CPU
		{C4D551D9-80A3-4A26-BA69-33C0ED21E1BE}.Release|x64.ActiveCfg = Release|x64
		{C4D551D9-80A3-4A26-BA69-33C0ED21E1BE}.Release|x64.Build.0 = Release|x64
		{903AA0EC-5912-32E4-DC8D-EB03260CDD43}.Debug|Any CPU.ActiveCfg = Debug|Any CPU
		{903AA0EC-5912-32E4-DC8D-EB03260CDD43}.Debug|Any CPU.Build.0 = Debug|Any CPU
		{903AA0EC-5912-32E4-DC8D-EB03260CDD43}.Debug|x64.ActiveCfg = Debug|x64
		{903AA0EC-5912-32E4-DC8D-EB03260CDD43}.Debug|x64.Build.0 = Debug|x64
		{903AA0EC-5912-32E4-DC8D-EB03260CDD43}.Release|Any CPU.ActiveCfg = Release|Any CPU
		{903AA0EC-5912-32E4-DC8D-EB03260CDD43}.Release|Any CPU.Build.0 = Release|Any CPU
		{903AA0EC-5912-32E4-DC8D-EB03260CDD43}.Release|x64.ActiveCfg = Release|x64
		{903AA0EC-5912-32E4-DC8D-EB03260CDD43}.Release|x64.Build.0 = Release|x64
		{5C97BDFE-018A-65F3-CAA9-BA6BC9991653}.Debug|Any CPU.ActiveCfg = Debug|Any CPU
		{5C97BDFE-018A-65F3-CAA9-BA6BC9991653}.Debug|Any CPU.Build.0 = Debug|Any CPU
		{5C97BDFE-018A-65F3-CAA9-BA6BC9991653}.Debug|x64.ActiveCfg = Debug|x64
		{5C97BDFE-018A-65F3-CAA9-BA6BC9991653}.Debug|x64.Build.0 = Debug|x64
		{5C97BDFE-018A-65F3-CAA9-BA6BC9991653}.Release|Any CPU.ActiveCfg = Release|Any CPU
		{5C97BDFE-018A-65F3-CAA9-BA6BC9991653}.Release|Any CPU.Build.0 = Release|Any CPU
		{5C97BDFE-018A-65F3-CAA9-BA6BC9991653}.Release|x64.ActiveCfg = Release|x64
		{5C97BDFE-018A-65F3-CAA9-BA6BC9991653}.Release|x64.Build.0 = Release|x64
	EndGlobalSection
	GlobalSection(SolutionProperties) = preSolution
		HideSolutionNode = FALSE
	EndGlobalSection
	GlobalSection(ExtensibilityGlobals) = postSolution
		SolutionGuid = {D69C5E12-480E-4D6F-9188-AE632D41F120}
	EndGlobalSection
EndGlobal
